# THIS IS AN AUTOGENERATED FILE. DO NOT EDIT THIS FILE DIRECTLY.
# yarn lockfile v1


babel-plugin-add-module-exports@~0.2.1:
  version "0.2.1"
  resolved "https://registry.yarnpkg.com/babel-plugin-add-module-exports/-/babel-plugin-add-module-exports-0.2.1.tgz#9ae9a1f4a8dc67f0cdec4f4aeda1e43a5ff65e25"
