# THIS IS AN AUTOGENERATED FILE. DO NOT EDIT THIS FILE DIRECTLY.
# yarn lockfile v1


"@cycle/base@^4.0.0":
  version "4.3.0"
  resolved "https://registry.yarnpkg.com/@cycle/base/-/base-4.3.0.tgz#464d320e5dbe80b3e3821195200607cdcf47198b"

"@cycle/core@~7.0.0":
  version "7.0.0"
  resolved "https://registry.yarnpkg.com/@cycle/core/-/core-7.0.0.tgz#21f66a54b3aba565e1220fba96815fc657d08360"
  dependencies:
    "@cycle/base" "^4.0.0"
    "@cycle/rx-adapter" "^3.0.0"

"@cycle/dom@~17.4.0":
  version "17.4.0"
  resolved "https://registry.yarnpkg.com/@cycle/dom/-/dom-17.4.0.tgz#232e9f21323b34b244000e0fa0a067642ae905d2"
  dependencies:
    "@cycle/run" "*"
    es6-map "^0.1.4"
    snabbdom "0.6.9"
    snabbdom-selector "1.2.0"

"@cycle/run@*":
  version "3.1.0"
  resolved "https://registry.yarnpkg.com/@cycle/run/-/run-3.1.0.tgz#76df582a501d2d1b871f8f6decf263afae090384"
  dependencies:
    xstream "10.x"

"@cycle/rx-adapter@^3.0.0":
  version "3.1.0"
  resolved "https://registry.yarnpkg.com/@cycle/rx-adapter/-/rx-adapter-3.1.0.tgz#ccb92a1971c78b948b1e1a9010e54890958a0d22"

array-flatten@^1.1.1:
  version "1.1.1"
  resolved "https://registry.yarnpkg.com/array-flatten/-/array-flatten-1.1.1.tgz#9a5f699051b1e7073328f2a008968b64ea2955d2"

asap@~2.0.3:
  version "2.0.5"
  resolved "https://registry.yarnpkg.com/asap/-/asap-2.0.5.tgz#522765b50c3510490e52d7dcfe085ef9ba96958f"

chance@~1.0.9:
  version "1.0.10"
  resolved "https://registry.yarnpkg.com/chance/-/chance-1.0.10.tgz#03500b04ad94e778dd2891b09ec73a6ad87b1996"

component-emitter@1.2.0:
  version "1.2.0"
  resolved "https://registry.yarnpkg.com/component-emitter/-/component-emitter-1.2.0.tgz#ccd113a86388d06482d03de3fc7df98526ba8efe"

component-raf@1.2.0:
  version "1.2.0"
  resolved "https://registry.yarnpkg.com/component-raf/-/component-raf-1.2.0.tgz#b2bc72d43f1b014fde7a4b3c447c764bc73ccbaa"

component-type@1.2.0:
  version "1.2.0"
  resolved "https://registry.yarnpkg.com/component-type/-/component-type-1.2.0.tgz#e279fc966ae3488ca44480103313569cffbf4c48"

core-js@^1.0.0:
  version "1.2.7"
  resolved "https://registry.yarnpkg.com/core-js/-/core-js-1.2.7.tgz#652294c14651db28fa93bd2d5ff2983a4f08c636"

create-react-class@^15.5.3:
  version "15.6.0"
  resolved "https://registry.yarnpkg.com/create-react-class/-/create-react-class-15.6.0.tgz#ab448497c26566e1e29413e883207d57cfe7bed4"
  dependencies:
    fbjs "^0.8.9"
    loose-envify "^1.3.1"
    object-assign "^4.1.1"

cssauron@^1.4.0:
  version "1.4.0"
  resolved "https://registry.yarnpkg.com/cssauron/-/cssauron-1.4.0.tgz#a6602dff7e04a8306dc0db9a551e92e8b5662ad8"
  dependencies:
    through X.X.X

d@1:
  version "1.0.0"
  resolved "https://registry.yarnpkg.com/d/-/d-1.0.0.tgz#754bb5bfe55451da69a58b94d45f4c5b0462d58f"
  dependencies:
    es5-ext "^0.10.9"

deep-diff@^0.3.5:
  version "0.3.8"
  resolved "https://registry.yarnpkg.com/deep-diff/-/deep-diff-0.3.8.tgz#c01de63efb0eec9798801d40c7e0dae25b582c84"

deku-redux@~1.1.2:
  version "1.1.2"
  resolved "https://registry.yarnpkg.com/deku-redux/-/deku-redux-1.1.2.tgz#8dfead5bcb92d2b954221fb32e6f61589810c703"
  dependencies:
    invariant "~2.2.1"
    is-equal-shallow "~0.1.3"
    is-plain-object "~2.0.1"

deku@~1.0.0:
  version "1.0.0"
  resolved "https://registry.yarnpkg.com/deku/-/deku-1.0.0.tgz#2099e506bf3ad65a09ebeed826de6ac357144921"
  dependencies:
    component-emitter "1.2.0"
    component-raf "1.2.0"
    component-type "1.2.0"
    fast.js "0.1.1"
    get-uid "1.0.1"
    is-dom "1.0.5"
    is-svg-attribute "1.0.2"
    is-svg-element "1.0.1"
    object-defaults "0.1.0"
    object-path "0.9.2"

encoding@^0.1.11:
  version "0.1.12"
  resolved "https://registry.yarnpkg.com/encoding/-/encoding-0.1.12.tgz#538b66f3ee62cd1ab51ec323829d1f9480c74beb"
  dependencies:
    iconv-lite "~0.4.13"

es5-ext@^0.10.14, es5-ext@^0.10.9, es5-ext@~0.10.14:
  version "0.10.23"
  resolved "https://registry.yarnpkg.com/es5-ext/-/es5-ext-0.10.23.tgz#7578b51be974207a5487821b56538c224e4e7b38"
  dependencies:
    es6-iterator "2"
    es6-symbol "~3.1"

es6-iterator@2, es6-iterator@~2.0.1:
  version "2.0.1"
  resolved "https://registry.yarnpkg.com/es6-iterator/-/es6-iterator-2.0.1.tgz#8e319c9f0453bf575d374940a655920e59ca5512"
  dependencies:
    d "1"
    es5-ext "^0.10.14"
    es6-symbol "^3.1"

es6-map@^0.1.4:
  version "0.1.5"
  resolved "https://registry.yarnpkg.com/es6-map/-/es6-map-0.1.5.tgz#9136e0503dcc06a301690f0bb14ff4e364e949f0"
  dependencies:
    d "1"
    es5-ext "~0.10.14"
    es6-iterator "~2.0.1"
    es6-set "~0.1.5"
    es6-symbol "~3.1.1"
    event-emitter "~0.3.5"

es6-set@~0.1.5:
  version "0.1.5"
  resolved "https://registry.yarnpkg.com/es6-set/-/es6-set-0.1.5.tgz#d2b3ec5d4d800ced818db538d28974db0a73ccb1"
  dependencies:
    d "1"
    es5-ext "~0.10.14"
    es6-iterator "~2.0.1"
    es6-symbol "3.1.1"
    event-emitter "~0.3.5"

es6-symbol@3.1.1, es6-symbol@^3.1, es6-symbol@~3.1, es6-symbol@~3.1.1:
  version "3.1.1"
  resolved "https://registry.yarnpkg.com/es6-symbol/-/es6-symbol-3.1.1.tgz#bf00ef4fdab6ba1b46ecb7b629b4c7ed5715cc77"
  dependencies:
    d "1"
    es5-ext "~0.10.14"

event-emitter@~0.3.5:
  version "0.3.5"
  resolved "https://registry.yarnpkg.com/event-emitter/-/event-emitter-0.3.5.tgz#df8c69eef1647923c7157b9ce83840610b02cc39"
  dependencies:
    d "1"
    es5-ext "~0.10.14"

fast.js@0.1.1:
  version "0.1.1"
  resolved "https://registry.yarnpkg.com/fast.js/-/fast.js-0.1.1.tgz#7c024d55ae144882fbcee44b79005fe2dcabd9fe"

fbjs@^0.8.9:
  version "0.8.12"
  resolved "https://registry.yarnpkg.com/fbjs/-/fbjs-0.8.12.tgz#10b5d92f76d45575fd63a217d4ea02bea2f8ed04"
  dependencies:
    core-js "^1.0.0"
    isomorphic-fetch "^2.1.1"
    loose-envify "^1.0.0"
    object-assign "^4.1.0"
    promise "^7.1.1"
    setimmediate "^1.0.5"
    ua-parser-js "^0.7.9"

get-uid@1.0.1:
  version "1.0.1"
  resolved "https://registry.yarnpkg.com/get-uid/-/get-uid-1.0.1.tgz#ac6d5695550cb6be371d5a79b0d968115f746a22"

hoist-non-react-statics@^1.0.3:
  version "1.2.0"
  resolved "https://registry.yarnpkg.com/hoist-non-react-statics/-/hoist-non-react-statics-1.2.0.tgz#aa448cf0986d55cc40773b17174b7dd066cb7cfb"

iconv-lite@~0.4.13:
  version "0.4.18"
  resolved "https://registry.yarnpkg.com/iconv-lite/-/iconv-lite-0.4.18.tgz#23d8656b16aae6742ac29732ea8f0336a4789cf2"

invariant@^2.0.0, invariant@~2.2.1:
  version "2.2.2"
  resolved "https://registry.yarnpkg.com/invariant/-/invariant-2.2.2.tgz#9e1f56ac0acdb6bf303306f338be3b204ae60360"
  dependencies:
    loose-envify "^1.0.0"

is-dom@1.0.5:
  version "1.0.5"
  resolved "https://registry.yarnpkg.com/is-dom/-/is-dom-1.0.5.tgz#3b4f9eaa7a6014c010b276c645cad85bb3c7b1fd"

is-equal-shallow@~0.1.3:
  version "0.1.3"
  resolved "https://registry.yarnpkg.com/is-equal-shallow/-/is-equal-shallow-0.1.3.tgz#2238098fc221de0bcfa5d9eac4c45d638aa1c534"
  dependencies:
    is-primitive "^2.0.0"

is-plain-object@~2.0.1:
  version "2.0.3"
  resolved "https://registry.yarnpkg.com/is-plain-object/-/is-plain-object-2.0.3.tgz#c15bf3e4b66b62d72efaf2925848663ecbc619b6"
  dependencies:
    isobject "^3.0.0"

is-primitive@^2.0.0:
  version "2.0.0"
  resolved "https://registry.yarnpkg.com/is-primitive/-/is-primitive-2.0.0.tgz#207bab91638499c07b2adf240a41a87210034575"

is-stream@^1.0.1:
  version "1.1.0"
  resolved "https://registry.yarnpkg.com/is-stream/-/is-stream-1.1.0.tgz#12d4a3dd4e68e0b79ceb8dbc84173ae80d91ca44"

is-svg-attribute@1.0.2:
  version "1.0.2"
  resolved "https://registry.yarnpkg.com/is-svg-attribute/-/is-svg-attribute-1.0.2.tgz#abaae770cc42c8bd2c16b702652881cc7f9b6ab0"

is-svg-element@1.0.1:
  version "1.0.1"
  resolved "https://registry.yarnpkg.com/is-svg-element/-/is-svg-element-1.0.1.tgz#a759f1033156bb1e18c60d0f179a013d25ca9296"

isobject@^3.0.0:
  version "3.0.0"
  resolved "https://registry.yarnpkg.com/isobject/-/isobject-3.0.0.tgz#39565217f3661789e8a0a0c080d5f7e6bc46e1a0"

isomorphic-fetch@^2.1.1:
  version "2.2.1"
  resolved "https://registry.yarnpkg.com/isomorphic-fetch/-/isomorphic-fetch-2.2.1.tgz#611ae1acf14f5e81f729507472819fe9733558a9"
  dependencies:
    node-fetch "^1.0.1"
    whatwg-fetch ">=0.10.0"

js-tokens@^3.0.0:
  version "3.0.1"
  resolved "https://registry.yarnpkg.com/js-tokens/-/js-tokens-3.0.1.tgz#08e9f132484a2c45a30907e9dc4d5567b7f114d7"

lodash-es@^4.2.0, lodash-es@^4.2.1:
  version "4.17.4"
  resolved "https://registry.yarnpkg.com/lodash-es/-/lodash-es-4.17.4.tgz#dcc1d7552e150a0640073ba9cb31d70f032950e7"

lodash.find@~4.6.0:
  version "4.6.0"
  resolved "https://registry.yarnpkg.com/lodash.find/-/lodash.find-4.6.0.tgz#cb0704d47ab71789ffa0de8b97dd926fb88b13b1"

lodash@^4.2.0, lodash@^4.2.1:
  version "4.17.4"
  resolved "https://registry.yarnpkg.com/lodash/-/lodash-4.17.4.tgz#78203a4d1c328ae1d86dca6460e369b57f4055ae"

loose-envify@^1.0.0, loose-envify@^1.1.0, loose-envify@^1.3.1:
  version "1.3.1"
  resolved "https://registry.yarnpkg.com/loose-envify/-/loose-envify-1.3.1.tgz#d1a8ad33fa9ce0e713d65fdd0ac8b748d478c848"
  dependencies:
    js-tokens "^3.0.0"

node-fetch@^1.0.1:
  version "1.7.1"
  resolved "https://registry.yarnpkg.com/node-fetch/-/node-fetch-1.7.1.tgz#899cb3d0a3c92f952c47f1b876f4c8aeabd400d5"
  dependencies:
    encoding "^0.1.11"
    is-stream "^1.0.1"

object-assign@^4.1.0, object-assign@^4.1.1:
  version "4.1.1"
  resolved "https://registry.yarnpkg.com/object-assign/-/object-assign-4.1.1.tgz#2109adc7965887cfc05cbbd442cac8bfbb360863"

object-defaults@0.1.0:
  version "0.1.0"
  resolved "https://registry.yarnpkg.com/object-defaults/-/object-defaults-0.1.0.tgz#fb5c140ee5625a7da8aaea860813c93ecf1bf684"

object-path@0.9.2:
  version "0.9.2"
  resolved "https://registry.yarnpkg.com/object-path/-/object-path-0.9.2.tgz#0fd9a74fc5fad1ae3968b586bda5c632bd6c05a5"

promise@^7.1.1:
  version "7.3.1"
  resolved "https://registry.yarnpkg.com/promise/-/promise-7.3.1.tgz#064b72602b18f90f29192b8b1bc418ffd1ebd3bf"
  dependencies:
    asap "~2.0.3"

prop-types@^15.5.10, prop-types@^15.5.7, prop-types@~15.5.7:
  version "15.5.10"
  resolved "https://registry.yarnpkg.com/prop-types/-/prop-types-15.5.10.tgz#2797dfc3126182e3a95e3dfbb2e893ddd7456154"
  dependencies:
    fbjs "^0.8.9"
    loose-envify "^1.3.1"

proptypes@~1.1.0:
  version "1.1.0"
  resolved "https://registry.yarnpkg.com/proptypes/-/proptypes-1.1.0.tgz#78b3828a5aa6bb1308939e0de3c6044dfd4bd239"

randomcolor@~0.5.3:
  version "0.5.3"
  resolved "https://registry.yarnpkg.com/randomcolor/-/randomcolor-0.5.3.tgz#7f90f2f2a7f6d5a52232161eeaeeaea9ac3b5815"

react-dom@~15.5.4:
  version "15.5.4"
  resolved "https://registry.yarnpkg.com/react-dom/-/react-dom-15.5.4.tgz#ba0c28786fd52ed7e4f2135fe0288d462aef93da"
  dependencies:
    fbjs "^0.8.9"
    loose-envify "^1.1.0"
    object-assign "^4.1.0"
    prop-types "~15.5.7"

react-redux@~5.0.0:
  version "5.0.5"
  resolved "https://registry.yarnpkg.com/react-redux/-/react-redux-5.0.5.tgz#f8e8c7b239422576e52d6b7db06439469be9846a"
  dependencies:
    create-react-class "^15.5.3"
    hoist-non-react-statics "^1.0.3"
    invariant "^2.0.0"
    lodash "^4.2.0"
    lodash-es "^4.2.0"
    loose-envify "^1.1.0"
    prop-types "^15.5.10"

react@~15.5.4:
  version "15.5.4"
  resolved "https://registry.yarnpkg.com/react/-/react-15.5.4.tgz#fa83eb01506ab237cdc1c8c3b1cea8de012bf047"
  dependencies:
    fbjs "^0.8.9"
    loose-envify "^1.1.0"
    object-assign "^4.1.0"
    prop-types "^15.5.7"

redux-logger@~3.0.6:
  version "3.0.6"
  resolved "https://registry.yarnpkg.com/redux-logger/-/redux-logger-3.0.6.tgz#f7555966f3098f3c88604c449cf0baf5778274bf"
  dependencies:
    deep-diff "^0.3.5"

redux-thunk@~2.2.0:
  version "2.2.0"
  resolved "https://registry.yarnpkg.com/redux-thunk/-/redux-thunk-2.2.0.tgz#e615a16e16b47a19a515766133d1e3e99b7852e5"

redux@~3.6.0:
  version "3.6.0"
  resolved "https://registry.yarnpkg.com/redux/-/redux-3.6.0.tgz#887c2b3d0b9bd86eca2be70571c27654c19e188d"
  dependencies:
    lodash "^4.2.1"
    lodash-es "^4.2.1"
    loose-envify "^1.1.0"
    symbol-observable "^1.0.2"

reselect@~3.0.1:
  version "3.0.1"
  resolved "https://registry.yarnpkg.com/reselect/-/reselect-3.0.1.tgz#efdaa98ea7451324d092b2b2163a6a1d7a9a2147"

rx@~4.1.0:
  version "4.1.0"
  resolved "https://registry.yarnpkg.com/rx/-/rx-4.1.0.tgz#a5f13ff79ef3b740fe30aa803fb09f98805d4782"

setimmediate@^1.0.5:
  version "1.0.5"
  resolved "https://registry.yarnpkg.com/setimmediate/-/setimmediate-1.0.5.tgz#290cbb232e306942d7d7ea9b83732ab7856f8285"

sliced@0.0.5:
  version "0.0.5"
  resolved "https://registry.yarnpkg.com/sliced/-/sliced-0.0.5.tgz#5edc044ca4eb6f7816d50ba2fc63e25d8fe4707f"

snabbdom-selector@1.2.0:
  version "1.2.0"
  resolved "https://registry.yarnpkg.com/snabbdom-selector/-/snabbdom-selector-1.2.0.tgz#4260a269d9d46f50b9c1f39da628c2af6828dd53"
  dependencies:
    cssauron "^1.4.0"

snabbdom@0.6.9:
  version "0.6.9"
  resolved "https://registry.yarnpkg.com/snabbdom/-/snabbdom-0.6.9.tgz#65a392f4c82ca7e8ec72aa0d2fa797cf5c73b8d7"

symbol-observable@^1.0.2:
  version "1.0.4"
  resolved "https://registry.yarnpkg.com/symbol-observable/-/symbol-observable-1.0.4.tgz#29bf615d4aa7121bdd898b22d4b3f9bc4e2aa03d"

through@X.X.X:
  version "2.3.8"
  resolved "https://registry.yarnpkg.com/through/-/through-2.3.8.tgz#0dd4c9ffaabc357960b1b724115d7e0e86a2e1f5"

ua-parser-js@^0.7.9:
  version "0.7.13"
  resolved "https://registry.yarnpkg.com/ua-parser-js/-/ua-parser-js-0.7.13.tgz#cd9dd2f86493b3f44dbeeef3780fda74c5ee14be"

virtual-element@~1.2.0:
  version "1.2.0"
  resolved "https://registry.yarnpkg.com/virtual-element/-/virtual-element-1.2.0.tgz#a25e5b044540be974a42e158924277c5ff32e2c2"
  dependencies:
    array-flatten "^1.1.1"
    sliced "0.0.5"

whatwg-fetch@>=0.10.0:
  version "2.0.3"
  resolved "https://registry.yarnpkg.com/whatwg-fetch/-/whatwg-fetch-2.0.3.tgz#9c84ec2dcf68187ff00bc64e1274b442176e1c84"

xstream@10.x:
  version "10.8.0"
  resolved "https://registry.yarnpkg.com/xstream/-/xstream-10.8.0.tgz#f3c70b12a71ef34dcc6af44ea7e1b0c40d320f4f"
  dependencies:
    symbol-observable "^1.0.2"
