# THIS IS AN AUTOGENERATED FILE. DO NOT EDIT THIS FILE DIRECTLY.
# yarn lockfile v1


router5.transition-path@~4.0.1:
  version "4.0.1"
  resolved "https://registry.yarnpkg.com/router5.transition-path/-/router5.transition-path-4.0.1.tgz#6d61d6b78e233aeff2e68f3b91b9a83338c2f723"

xstream@~6.0.0:
  version "6.0.0"
  resolved "https://registry.yarnpkg.com/xstream/-/xstream-6.0.0.tgz#20f903eaaef9c3d837f59a22078bae38f9012a91"
