# THIS IS AN AUTOGENERATED FILE. DO NOT EDIT THIS FILE DIRECTLY.
# yarn lockfile v1


symbol-observable@1.2.0:
  version "1.2.0"
  resolved "https://registry.yarnpkg.com/symbol-observable/-/symbol-observable-1.2.0.tgz#c22688aed4eab3cdc2dfeacbb561660560a00804"
  integrity sha512-e900nM8RRtGhlV36KGEU9k65K3mPb1WV70OdjfxlG2EAuM1noi/E/BaW/uMhL7bPEssK8QV57vN3esixjUvcXQ==

"xstream@^10.0.0 || ^11.0.0":
  version "11.10.0"
  resolved "https://registry.yarnpkg.com/xstream/-/xstream-11.10.0.tgz#55a2769672711220fda61678080c130a6401be3d"
  integrity sha512-jzFCiRqGtrJi2S1/RPxVFgJwWVBzy4suMPBXlhOi0BJC7VvsXgo2yOHWnOasnj24n2Dlj2Mgfl6fJXPOYmpHFA==
  dependencies:
    symbol-observable "1.2.0"
