# THIS IS AN AUTOGENERATED FILE. DO NOT EDIT THIS FILE DIRECTLY.
# yarn lockfile v1


path-parser@2.1.0:
  version "2.1.0"
  resolved "https://registry.yarnpkg.com/path-parser/-/path-parser-2.1.0.tgz#bf7b9335ea59ef0add7145faf6807dafb995a696"
  dependencies:
    search-params "~1.3.0"

route-node@1.11.0:
  version "1.11.0"
  resolved "https://registry.yarnpkg.com/route-node/-/route-node-1.11.0.tgz#cae4f8282da2069e8183d938eb34f2ce1f4a45e1"
  dependencies:
    path-parser "2.1.0"
    search-params "~1.3.0"

search-params@~1.3.0:
  version "1.3.0"
  resolved "https://registry.yarnpkg.com/search-params/-/search-params-1.3.0.tgz#ba1e1c01dcbd8a2e41a25236f602f2cbf710d688"
