# THIS IS AN AUTOGENERATED FILE. DO NOT EDIT THIS FILE DIRECTLY.
# yarn lockfile v1


path-parser@4.0.3:
  version "4.0.3"
  resolved "https://registry.yarnpkg.com/path-parser/-/path-parser-4.0.3.tgz#237ad649aad0d850ff58ac83335909b579035592"
  dependencies:
    search-params "2.1.2"

route-node@3.0.2:
  version "3.0.2"
  resolved "https://registry.yarnpkg.com/route-node/-/route-node-3.0.2.tgz#fd41729ab0ba644369b08cad0ac4c3e0e282fb92"
  dependencies:
    path-parser "4.0.3"
    search-params "2.1.2"

search-params@2.1.2:
  version "2.1.2"
  resolved "https://registry.yarnpkg.com/search-params/-/search-params-2.1.2.tgz#e0107b7e6f2e973d7991b8fbffc8b6664bc96edd"
