# THIS IS AN AUTOGENERATED FILE. DO NOT EDIT THIS FILE DIRECTLY.
# yarn lockfile v1


path-parser@3.0.1:
  version "3.0.1"
  resolved "https://registry.yarnpkg.com/path-parser/-/path-parser-3.0.1.tgz#90abf7d98af74b1f7da6d312786591a51c887619"
  dependencies:
    search-params "~1.3.0"

route-node@2.0.2:
  version "2.0.2"
  resolved "https://registry.yarnpkg.com/route-node/-/route-node-2.0.2.tgz#5c25ed023a1d54b8c4150f654ef55f986ebf0883"
  dependencies:
    path-parser "3.0.1"
    search-params "~1.3.0"

search-params@~1.3.0:
  version "1.3.0"
  resolved "https://registry.yarnpkg.com/search-params/-/search-params-1.3.0.tgz#ba1e1c01dcbd8a2e41a25236f602f2cbf710d688"
